PODS:
  - Alamofire (4.4.0)
  - AlamofireImage (3.2.0):
    - Alamofire (~> 4.1)
  - YouTubePlayer (0.4.0)

DEPENDENCIES:
  - Alamofire (~> 4.4)
  - AlamofireImage (~> 3.1)
  - YouTubePlayer (~> 0.4)

SPEC CHECKSUMS:
  Alamofire: dc44b1600b800eb63da6a19039a0083d62a6a62d
  AlamofireImage: 157ed682cc81d3b9db4fb90c1f12180ac552d93b
  YouTubePlayer: 028451f6772f372d4759866db99824c676ac1473

PODFILE CHECKSUM: 2d4918a42b06b2132b135c5ec6150a7c6d035ccc

COCOAPODS: 1.2.1
